
Microsoft Visual Studio Solution File, Format Version 12.00
# Visual Studio Version 16
VisualStudioVersion = 16.0.31702.278
MinimumVisualStudioVersion = 10.0.40219.1
Project("{9A19103F-16F7-4668-BE54-9A1E7A4F7556}") = "MoxBIM.Form", "MoxBIM.Form.csproj", "{8CE10736-D68B-48CC-A462-70CF75FDDEEC}"
EndProject
Global
	GlobalSection(SolutionConfigurationPlatforms) = preSolution
		Debug|Any CPU = Debug|Any CPU
		Release|Any CPU = Release|Any CPU
	EndGlobalSection
	GlobalSection(ProjectConfigurationPlatforms) = postSolution
		{8CE10736-D68B-48CC-A462-70CF75FDDEEC}.Debug|Any CPU.ActiveCfg = Debug|Any CPU
		{8CE10736-D68B-48CC-A462-70CF75FDDEEC}.Debug|Any CPU.Build.0 = Debug|Any CPU
		{8CE10736-D68B-48CC-A462-70CF75FDDEEC}.Release|Any CPU.ActiveCfg = Release|Any CPU
		{8CE10736-D68B-48CC-A462-70CF75FDDEEC}.Release|Any CPU.Build.0 = Release|Any CPU
	EndGlobalSection
	GlobalSection(SolutionProperties) = preSolution
		HideSolutionNode = FALSE
	EndGlobalSection
	GlobalSection(ExtensibilityGlobals) = postSolution
		SolutionGuid = {8C6E33B3-65B2-4EA4-AADC-B0B4B7A9939B}
	EndGlobalSection
EndGlobal
